
Microsoft Visual Studio Solution File, Format Version 12.00
# Visual Studio 15
VisualStudioVersion = 15.0.26730.12
MinimumVisualStudioVersion = 10.0.40219.1
Project("{FAE04EC0-301F-11D3-BF4B-00C04F79EFBC}") = "vitas-soundboard", "vitas-soundboard\vitas-soundboard.csproj", "{28736AD7-DA10-46D7-9D34-ABB1F90C6513}"
EndProject
Global
	GlobalSection(SolutionConfigurationPlatforms) = preSolution
		Debug|Any CPU = Debug|Any CPU
		Release|Any CPU = Release|Any CPU
	EndGlobalSection
	GlobalSection(ProjectConfigurationPlatforms) = postSolution
		{28736AD7-DA10-46D7-9D34-ABB1F90C6513}.Debug|Any CPU.ActiveCfg = Debug|Any CPU
		{28736AD7-DA10-46D7-9D34-ABB1F90C6513}.Debug|Any CPU.Build.0 = Debug|Any CPU
		{28736AD7-DA10-46D7-9D34-ABB1F90C6513}.Release|Any CPU.ActiveCfg = Release|Any CPU
		{28736AD7-DA10-46D7-9D34-ABB1F90C6513}.Release|Any CPU.Build.0 = Release|Any CPU
	EndGlobalSection
	GlobalSection(SolutionProperties) = preSolution
		HideSolutionNode = FALSE
	EndGlobalSection
	GlobalSection(ExtensibilityGlobals) = postSolution
		SolutionGuid = {30C237E4-F347-4F0D-8CE7-77680981756E}
	EndGlobalSection
EndGlobal
